// !$*UTF8*$!
{
	archiveVersion = 1;
	classes = {
	};
	objectVersion = 50;
	objects = {

/* Begin PBXBuildFile section */
		30A48CB12703EA1300D30529 /* AppDelegate.swift in Sources */ = {isa = PBXBuildFile; fileRef = 30A48CB02703EA1300D30529 /* AppDelegate.swift */; };
		30A48CB32703EA1300D30529 /* SceneDelegate.swift in Sources */ = {isa = PBXBuildFile; fileRef = 30A48CB22703EA1300D30529 /* SceneDelegate.swift */; };
		30A48CB52703EA1300D30529 /* ViewController.swift in Sources */ = {isa = PBXBuildFile; fileRef = 30A48CB42703EA1300D30529 /* ViewController.swift */; };
		30A48CB82703EA1300D30529 /* Main.storyboard in Resources */ = {isa = PBXBuildFile; fileRef = 30A48CB62703EA1300D30529 /* Main.storyboard */; };
		30A48CBA2703EA1400D30529 /* Assets.xcassets in Resources */ = {isa = PBXBuildFile; fileRef = 30A48CB92703EA1400D30529 /* Assets.xcassets */; };
		30A48CBD2703EA1400D30529 /* LaunchScreen.storyboard in Resources */ = {isa = PBXBuildFile; fileRef = 30A48CBB2703EA1400D30529 /* LaunchScreen.storyboard */; };
		30A48CC62703EA5400D30529 /* ItemTableViewCell.swift in Sources */ = {isa = PBXBuildFile; fileRef = 30A48CC42703EA5400D30529 /* ItemTableViewCell.swift */; };
		30A48CC72703EA5400D30529 /* ItemTableViewCell.xib in Resources */ = {isa = PBXBuildFile; fileRef = 30A48CC52703EA5400D30529 /* ItemTableViewCell.xib */; };
		30A48CC92703ED8300D30529 /* ItemModel.swift in Sources */ = {isa = PBXBuildFile; fileRef = 30A48CC82703ED8300D30529 /* ItemModel.swift */; };
/* End PBXBuildFile section */

/* Begin PBXFileReference section */
		30A48CAD2703EA1300D30529 /* groceryCart.app */ = {isa = PBXFileReference; explicitFileType = wrapper.application; includeInIndex = 0; path = groceryCart.app; sourceTree = BUILT_PRODUCTS_DIR; };
		30A48CB02703EA1300D30529 /* AppDelegate.swift */ = {isa = PBXFileReference; lastKnownFileType = sourcecode.swift; path = AppDelegate.swift; sourceTree = "<group>"; };
		30A48CB22703EA1300D30529 /* SceneDelegate.swift */ = {isa = PBXFileReference; lastKnownFileType = sourcecode.swift; path = SceneDelegate.swift; sourceTree = "<group>"; };
		30A48CB42703EA1300D30529 /* ViewController.swift */ = {isa = PBXFileReference; lastKnownFileType = sourcecode.swift; path = ViewController.swift; sourceTree = "<group>"; };
		30A48CB72703EA1300D30529 /* Base */ = {isa = PBXFileReference; lastKnownFileType = file.storyboard; name = Base; path = Base.lproj/Main.storyboard; sourceTree = "<group>"; };
		30A48CB92703EA1400D30529 /* Assets.xcassets */ = {isa = PBXFileReference; lastKnownFileType = folder.assetcatalog; path = Assets.xcassets; sourceTree = "<group>"; };
		30A48CBC2703EA1400D30529 /* Base */ = {isa = PBXFileReference; lastKnownFileType = file.storyboard; name = Base; path = Base.lproj/LaunchScreen.storyboard; sourceTree = "<group>"; };
		30A48CBE2703EA1400D30529 /* Info.plist */ = {isa = PBXFileReference; lastKnownFileType = text.plist.xml; path = Info.plist; sourceTree = "<group>"; };
		30A48CC42703EA5400D30529 /* ItemTableViewCell.swift */ = {isa = PBXFileReference; lastKnownFileType = sourcecode.swift; path = ItemTableViewCell.swift; sourceTree = "<group>"; };
		30A48CC52703EA5400D30529 /* ItemTableViewCell.xib */ = {isa = PBXFileReference; lastKnownFileType = file.xib; path = ItemTableViewCell.xib; sourceTree = "<group>"; };
		30A48CC82703ED8300D30529 /* ItemModel.swift */ = {isa = PBXFileReference; lastKnownFileType = sourcecode.swift; path = ItemModel.swift; sourceTree = "<group>"; };
/* End PBXFileReference section */

/* Begin PBXFrameworksBuildPhase section */
		30A48CAA2703EA1300D30529 /* Frameworks */ = {
			isa = PBXFrameworksBuildPhase;
			buildActionMask = 2147483647;
			files = (
			);
			runOnlyForDeploymentPostprocessing = 0;
		};
/* End PBXFrameworksBuildPhase section */

/* Begin PBXGroup section */
		30A48CA42703EA1300D30529 = {
			isa = PBXGroup;
			children = (
				30A48CAF2703EA1300D30529 /* groceryCart */,
				30A48CAE2703EA1300D30529 /* Products */,
			);
			sourceTree = "<group>";
		};
		30A48CAE2703EA1300D30529 /* Products */ = {
			isa = PBXGroup;
			children = (
				30A48CAD2703EA1300D30529 /* groceryCart.app */,
			);
			name = Products;
			sourceTree = "<group>";
		};
		30A48CAF2703EA1300D30529 /* groceryCart */ = {
			isa = PBXGroup;
			children = (
				30A48CB02703EA1300D30529 /* AppDelegate.swift */,
				30A48CB22703EA1300D30529 /* SceneDelegate.swift */,
				30A48CB42703EA1300D30529 /* ViewController.swift */,
				30A48CB62703EA1300D30529 /* Main.storyboard */,
				30A48CB92703EA1400D30529 /* Assets.xcassets */,
				30A48CBB2703EA1400D30529 /* LaunchScreen.storyboard */,
				30A48CBE2703EA1400D30529 /* Info.plist */,
				30A48CC42703EA5400D30529 /* ItemTableViewCell.swift */,
				30A48CC52703EA5400D30529 /* ItemTableViewCell.xib */,
				30A48CC82703ED8300D30529 /* ItemModel.swift */,
			);
			path = groceryCart;
			sourceTree = "<group>";
		};
/* End PBXGroup section */

/* Begin PBXNativeTarget section */
		30A48CAC2703EA1300D30529 /* groceryCart */ = {
			isa = PBXNativeTarget;
			buildConfigurationList = 30A48CC12703EA1400D30529 /* Build configuration list for PBXNativeTarget "groceryCart" */;
			buildPhases = (
				30A48CA92703EA1300D30529 /* Sources */,
				30A48CAA2703EA1300D30529 /* Frameworks */,
				30A48CAB2703EA1300D30529 /* Resources */,
			);
			buildRules = (
			);
			dependencies = (
			);
			name = groceryCart;
			productName = groceryCart;
			productReference = 30A48CAD2703EA1300D30529 /* groceryCart.app */;
			productType = "com.apple.product-type.application";
		};
/* End PBXNativeTarget section */

/* Begin PBXProject section */
		30A48CA52703EA1300D30529 /* Project object */ = {
			isa = PBXProject;
			attributes = {
				LastSwiftUpdateCheck = 1250;
				LastUpgradeCheck = 1250;
				TargetAttributes = {
					30A48CAC2703EA1300D30529 = {
						CreatedOnToolsVersion = 12.5.1;
					};
				};
			};
			buildConfigurationList = 30A48CA82703EA1300D30529 /* Build configuration list for PBXProject "groceryCart" */;
			compatibilityVersion = "Xcode 9.3";
			developmentRegion = en;
			hasScannedForEncodings = 0;
			knownRegions = (
				en,
				Base,
			);
			mainGroup = 30A48CA42703EA1300D30529;
			productRefGroup = 30A48CAE2703EA1300D30529 /* Products */;
			projectDirPath = "";
			projectRoot = "";
			targets = (
				30A48CAC2703EA1300D30529 /* groceryCart */,
			);
		};
/* End PBXProject section */

/* Begin PBXResourcesBuildPhase section */
		30A48CAB2703EA1300D30529 /* Resources */ = {
			isa = PBXResourcesBuildPhase;
			buildActionMask = 2147483647;
			files = (
				30A48CC72703EA5400D30529 /* ItemTableViewCell.xib in Resources */,
				30A48CBD2703EA1400D30529 /* LaunchScreen.storyboard in Resources */,
				30A48CBA2703EA1400D30529 /* Assets.xcassets in Resources */,
				30A48CB82703EA1300D30529 /* Main.storyboard in Resources */,
			);
			runOnlyForDeploymentPostprocessing = 0;
		};
/* End PBXResourcesBuildPhase section */

/* Begin PBXSourcesBuildPhase section */
		30A48CA92703EA1300D30529 /* Sources */ = {
			isa = PBXSourcesBuildPhase;
			buildActionMask = 2147483647;
			files = (
				30A48CC92703ED8300D30529 /* ItemModel.swift in Sources */,
				30A48CC62703EA5400D30529 /* ItemTableViewCell.swift in Sources */,
				30A48CB52703EA1300D30529 /* ViewController.swift in Sources */,
				30A48CB12703EA1300D30529 /* AppDelegate.swift in Sources */,
				30A48CB32703EA1300D30529 /* SceneDelegate.swift in Sources */,
			);
			runOnlyForDeploymentPostprocessing = 0;
		};
/* End PBXSourcesBuildPhase section */

/* Begin PBXVariantGroup section */
		30A48CB62703EA1300D30529 /* Main.storyboard */ = {
			isa = PBXVariantGroup;
			children = (
				30A48CB72703EA1300D30529 /* Base */,
			);
			name = Main.storyboard;
			sourceTree = "<group>";
		};
		30A48CBB2703EA1400D30529 /* LaunchScreen.storyboard */ = {
			isa = PBXVariantGroup;
			children = (
				30A48CBC2703EA1400D30529 /* Base */,
			);
			name = LaunchScreen.storyboard;
			sourceTree = "<group>";
		};
/* End PBXVariantGroup section */

/* Begin XCBuildConfiguration section */
		30A48CBF2703EA1400D30529 /* Debug */ = {
			isa = XCBuildConfiguration;
			buildSettings = {
				ALWAYS_SEARCH_USER_PATHS = NO;
				CLANG_ANALYZER_NONNULL = YES;
				CLANG_ANALYZER_NUMBER_OBJECT_CONVERSION = YES_AGGRESSIVE;
				CLANG_CXX_LANGUAGE_STANDARD = "gnu++14";
				CLANG_CXX_LIBRARY = "libc++";
				CLANG_ENABLE_MODULES = YES;
				CLANG_ENABLE_OBJC_ARC = YES;
				CLANG_ENABLE_OBJC_WEAK = YES;
				CLANG_WARN_BLOCK_CAPTURE_AUTORELEASING = YES;
				CLANG_WARN_BOOL_CONVERSION = YES;
				CLANG_WARN_COMMA = YES;
				CLANG_WARN_CONSTANT_CONVERSION = YES;
				CLANG_WARN_DEPRECATED_OBJC_IMPLEMENTATIONS = YES;
				CLANG_WARN_DIRECT_OBJC_ISA_USAGE = YES_ERROR;
				CLANG_WARN_DOCUMENTATION_COMMENTS = YES;
				CLANG_WARN_EMPTY_BODY = YES;
				CLANG_WARN_ENUM_CONVERSION = YES;
				CLANG_WARN_INFINITE_RECURSION = YES;
				CLANG_WARN_INT_CONVERSION = YES;
				CLANG_WARN_NON_LITERAL_NULL_CONVERSION = YES;
				CLANG_WARN_OBJC_IMPLICIT_RETAIN_SELF = YES;
				CLANG_WARN_OBJC_LITERAL_CONVERSION = YES;
				CLANG_WARN_OBJC_ROOT_CLASS = YES_ERROR;
				CLANG_WARN_QUOTED_INCLUDE_IN_FRAMEWORK_HEADER = YES;
				CLANG_WARN_RANGE_LOOP_ANALYSIS = YES;
				CLANG_WARN_STRICT_PROTOTYPES = YES;
				CLANG_WARN_SUSPICIOUS_MOVE = YES;
				CLANG_WARN_UNGUARDED_AVAILABILITY = YES_AGGRESSIVE;
				CLANG_WARN_UNREACHABLE_CODE = YES;
				CLANG_WARN__DUPLICATE_METHOD_MATCH = YES;
				COPY_PHASE_STRIP = NO;
				DEBUG_INFORMATION_FORMAT = dwarf;
				ENABLE_STRICT_OBJC_MSGSEND = YES;
				ENABLE_TESTABILITY = YES;
				GCC_C_LANGUAGE_STANDARD = gnu11;
				GCC_DYNAMIC_NO_PIC = NO;
				GCC_NO_COMMON_BLOCKS = YES;
				GCC_OPTIMIZATION_LEVEL = 0;
				GCC_PREPROCESSOR_DEFINITIONS = (
					"DEBUG=1",
					"$(inherited)",
				);
				GCC_WARN_64_TO_32_BIT_CONVERSION = YES;
				GCC_WARN_ABOUT_RETURN_TYPE = YES_ERROR;
				GCC_WARN_UNDECLARED_SELECTOR = YES;
				GCC_WARN_UNINITIALIZED_AUTOS = YES_AGGRESSIVE;
				GCC_WARN_UNUSED_FUNCTION = YES;
				GCC_WARN_UNUSED_VARIABLE = YES;
				IPHONEOS_DEPLOYMENT_TARGET = 14.5;
				MTL_ENABLE_DEBUG_INFO = INCLUDE_SOURCE;
				MTL_FAST_MATH = YES;
				ONLY_ACTIVE_ARCH = YES;
				SDKROOT = iphoneos;
				SWIFT_ACTIVE_COMPILATION_CONDITIONS = DEBUG;
				SWIFT_OPTIMIZATION_LEVEL = "-Onone";
			};
			name = Debug;
		};
		30A48CC02703EA1400D30529 /* Release */ = {
			isa = XCBuildConfiguration;
			buildSettings = {
				ALWAYS_SEARCH_USER_PATHS = NO;
				CLANG_ANALYZER_NONNULL = YES;
				CLANG_ANALYZER_NUMBER_OBJECT_CONVERSION = YES_AGGRESSIVE;
				CLANG_CXX_LANGUAGE_STANDARD = "gnu++14";
				CLANG_CXX_LIBRARY = "libc++";
				CLANG_ENABLE_MODULES = YES;
				CLANG_ENABLE_OBJC_ARC = YES;
				CLANG_ENABLE_OBJC_WEAK = YES;
				CLANG_WARN_BLOCK_CAPTURE_AUTORELEASING = YES;
				CLANG_WARN_BOOL_CONVERSION = YES;
				CLANG_WARN_COMMA = YES;
				CLANG_WARN_CONSTANT_CONVERSION = YES;
				CLANG_WARN_DEPRECATED_OBJC_IMPLEMENTATIONS = YES;
				CLANG_WARN_DIRECT_OBJC_ISA_USAGE = YES_ERROR;
				CLANG_WARN_DOCUMENTATION_COMMENTS = YES;
				CLANG_WARN_EMPTY_BODY = YES;
				CLANG_WARN_ENUM_CONVERSION = YES;
				CLANG_WARN_INFINITE_RECURSION = YES;
				CLANG_WARN_INT_CONVERSION = YES;
				CLANG_WARN_NON_LITERAL_NULL_CONVERSION = YES;
				CLANG_WARN_OBJC_IMPLICIT_RETAIN_SELF = YES;
				CLANG_WARN_OBJC_LITERAL_CONVERSION = YES;
				CLANG_WARN_OBJC_ROOT_CLASS = YES_ERROR;
				CLANG_WARN_QUOTED_INCLUDE_IN_FRAMEWORK_HEADER = YES;
				CLANG_WARN_RANGE_LOOP_ANALYSIS = YES;
				CLANG_WARN_STRICT_PROTOTYPES = YES;
				CLANG_WARN_SUSPICIOUS_MOVE = YES;
				CLANG_WARN_UNGUARDED_AVAILABILITY = YES_AGGRESSIVE;
				CLANG_WARN_UNREACHABLE_CODE = YES;
				CLANG_WARN__DUPLICATE_METHOD_MATCH = YES;
				COPY_PHASE_STRIP = NO;
				DEBUG_INFORMATION_FORMAT = "dwarf-with-dsym";
				ENABLE_NS_ASSERTIONS = NO;
				ENABLE_STRICT_OBJC_MSGSEND = YES;
				GCC_C_LANGUAGE_STANDARD = gnu11;
				GCC_NO_COMMON_BLOCKS = YES;
				GCC_WARN_64_TO_32_BIT_CONVERSION = YES;
				GCC_WARN_ABOUT_RETURN_TYPE = YES_ERROR;
				GCC_WARN_UNDECLARED_SELECTOR = YES;
				GCC_WARN_UNINITIALIZED_AUTOS = YES_AGGRESSIVE;
				GCC_WARN_UNUSED_FUNCTION = YES;
				GCC_WARN_UNUSED_VARIABLE = YES;
				IPHONEOS_DEPLOYMENT_TARGET = 14.5;
				MTL_ENABLE_DEBUG_INFO = NO;
				MTL_FAST_MATH = YES;
				SDKROOT = iphoneos;
				SWIFT_COMPILATION_MODE = wholemodule;
				SWIFT_OPTIMIZATION_LEVEL = "-O";
				VALIDATE_PRODUCT = YES;
			};
			name = Release;
		};
		30A48CC22703EA1400D30529 /* Debug */ = {
			isa = XCBuildConfiguration;
			buildSettings = {
				ASSETCATALOG_COMPILER_APPICON_NAME = AppIcon;
				ASSETCATALOG_COMPILER_GLOBAL_ACCENT_COLOR_NAME = AccentColor;
				CODE_SIGN_STYLE = Automatic;
				INFOPLIST_FILE = groceryCart/Info.plist;
				LD_RUNPATH_SEARCH_PATHS = (
					"$(inherited)",
					"@executable_path/Frameworks",
				);
				PRODUCT_BUNDLE_IDENTIFIER = com.iosproject.groceryCart;
				PRODUCT_NAME = "$(TARGET_NAME)";
				SWIFT_VERSION = 5.0;
				TARGETED_DEVICE_FAMILY = "1,2";
			};
			name = Debug;
		};
		30A48CC32703EA1400D30529 /* Release */ = {
			isa = XCBuildConfiguration;
			buildSettings = {
				ASSETCATALOG_COMPILER_APPICON_NAME = AppIcon;
				ASSETCATALOG_COMPILER_GLOBAL_ACCENT_COLOR_NAME = AccentColor;
				CODE_SIGN_STYLE = Automatic;
				INFOPLIST_FILE = groceryCart/Info.plist;
				LD_RUNPATH_SEARCH_PATHS = (
					"$(inherited)",
					"@executable_path/Frameworks",
				);
				PRODUCT_BUNDLE_IDENTIFIER = com.iosproject.groceryCart;
				PRODUCT_NAME = "$(TARGET_NAME)";
				SWIFT_VERSION = 5.0;
				TARGETED_DEVICE_FAMILY = "1,2";
			};
			name = Release;
		};
/* End XCBuildConfiguration section */

/* Begin XCConfigurationList section */
		30A48CA82703EA1300D30529 /* Build configuration list for PBXProject "groceryCart" */ = {
			isa = XCConfigurationList;
			buildConfigurations = (
				30A48CBF2703EA1400D30529 /* Debug */,
				30A48CC02703EA1400D30529 /* Release */,
			);
			defaultConfigurationIsVisible = 0;
			defaultConfigurationName = Release;
		};
		30A48CC12703EA1400D30529 /* Build configuration list for PBXNativeTarget "groceryCart" */ = {
			isa = XCConfigurationList;
			buildConfigurations = (
				30A48CC22703EA1400D30529 /* Debug */,
				30A48CC32703EA1400D30529 /* Release */,
			);
			defaultConfigurationIsVisible = 0;
			defaultConfigurationName = Release;
		};
/* End XCConfigurationList section */
	};
	rootObject = 30A48CA52703EA1300D30529 /* Project object */;
}
